// !$*UTF8*$!
{
	archiveVersion = 1;
	classes = {
	};
	objectVersion = 45;
	objects = {

/* Begin PBXBuildFile section */
		1D60589B0D05DD56006BFB54 /* main.m in Sources */ = {isa = PBXBuildFile; fileRef = 29B97316FDCFA39411CA2CEA /* main.m */; };
		1D60589F0D05DD5A006BFB54 /* Foundation.framework in Frameworks */ = {isa = PBXBuildFile; fileRef = 1D30AB110D05D00D00671497 /* Foundation.framework */; };
		1DF5F4E00D08C38300B7A737 /* UIKit.framework in Frameworks */ = {isa = PBXBuildFile; fileRef = 1DF5F4DF0D08C38300B7A737 /* UIKit.framework */; };
		28FD15080DC6FC5B0079059D /* QuartzCore.framework in Frameworks */ = {isa = PBXBuildFile; fileRef = 28FD15070DC6FC5B0079059D /* QuartzCore.framework */; };
		4909255112B6D0540076342D /* MessageUI.framework in Frameworks */ = {isa = PBXBuildFile; fileRef = 4909255012B6D0540076342D /* MessageUI.framework */; };
		4909255312B6D0540076342D /* Security.framework in Frameworks */ = {isa = PBXBuildFile; fileRef = 4909255212B6D0540076342D /* Security.framework */; };
		4909255512B6D0540076342D /* SystemConfiguration.framework in Frameworks */ = {isa = PBXBuildFile; fileRef = 4909255412B6D0540076342D /* SystemConfiguration.framework */; };
		4917AC8F13F9B6CF008AD2CB /* WMCVTexture2D.m in Sources */ = {isa = PBXBuildFile; fileRef = 4917AC8E13F9B6CF008AD2CB /* WMCVTexture2D.m */; };
		4917E4D413653F7100AA4D55 /* DNAssertionHandler.m in Sources */ = {isa = PBXBuildFile; fileRef = 4917E34C13653F7100AA4D55 /* DNAssertionHandler.m */; };
		4917E4D513653F7100AA4D55 /* EAGLView.m in Sources */ = {isa = PBXBuildFile; fileRef = 4917E34E13653F7100AA4D55 /* EAGLView.m */; };
		4917E4D613653F7100AA4D55 /* WMDebugViewController.m in Sources */ = {isa = PBXBuildFile; fileRef = 4917E35013653F7100AA4D55 /* WMDebugViewController.m */; };
		4917E4D713653F7100AA4D55 /* WMDebugViewController.xib in Resources */ = {isa = PBXBuildFile; fileRef = 4917E35113653F7100AA4D55 /* WMDebugViewController.xib */; };
		4917E50A13653F7100AA4D55 /* BrowserViewController.m in Sources */ = {isa = PBXBuildFile; fileRef = 4917E3B813653F7100AA4D55 /* BrowserViewController.m */; };
		4917E56C13653F7100AA4D55 /* Random.cpp in Sources */ = {isa = PBXBuildFile; fileRef = 4917E45213653F7100AA4D55 /* Random.cpp */; };
		492483AF1270D4BD00B59759 /* OpenGLES.framework in Frameworks */ = {isa = PBXBuildFile; fileRef = 492483AE1270D4BD00B59759 /* OpenGLES.framework */; };
		4930F3EF12BAE9BE00607497 /* AudioToolbox.framework in Frameworks */ = {isa = PBXBuildFile; fileRef = 4930F3EE12BAE9BE00607497 /* AudioToolbox.framework */; };
		4937414713FAF5D100ABC9BA /* WMBundleDocument.m in Sources */ = {isa = PBXBuildFile; fileRef = 4937414413FAF5D100ABC9BA /* WMBundleDocument.m */; };
		4937414813FAF5D100ABC9BA /* WMCompositionSerialization.m in Sources */ = {isa = PBXBuildFile; fileRef = 4937414613FAF5D100ABC9BA /* WMCompositionSerialization.m */; };
		4937414A13FAF5F700ABC9BA /* WMViewController.m in Sources */ = {isa = PBXBuildFile; fileRef = 4937414913FAF5F700ABC9BA /* WMViewController.m */; };
		4937415413FAFBF100ABC9BA /* DNDocument.m in Sources */ = {isa = PBXBuildFile; fileRef = 4937415313FAFBF100ABC9BA /* DNDocument.m */; };
		4940D0D01264F8DF007FA76C /* CoreFoundation.framework in Frameworks */ = {isa = PBXBuildFile; fileRef = 4940D0CF1264F8DF007FA76C /* CoreFoundation.framework */; };
		4940D0E51264F943007FA76C /* CFNetwork.framework in Frameworks */ = {isa = PBXBuildFile; fileRef = 4940D0E41264F943007FA76C /* CFNetwork.framework */; };
		4970556313679270000110B7 /* PGMidi.mm in Sources */ = {isa = PBXBuildFile; fileRef = 4970555E13679270000110B7 /* PGMidi.mm */; };
		4970556413679270000110B7 /* PGMidiAllSources.mm in Sources */ = {isa = PBXBuildFile; fileRef = 4970556013679270000110B7 /* PGMidiAllSources.mm */; };
		4970556513679270000110B7 /* PGMidiFind.mm in Sources */ = {isa = PBXBuildFile; fileRef = 4970556213679270000110B7 /* PGMidiFind.mm */; };
		4970556713679310000110B7 /* CoreMIDI.framework in Frameworks */ = {isa = PBXBuildFile; fileRef = 4970556613679310000110B7 /* CoreMIDI.framework */; };
		498FCDFA12AB234C00CF48A3 /* CoreMotion.framework in Frameworks */ = {isa = PBXBuildFile; fileRef = 498FCDF912AB234C00CF48A3 /* CoreMotion.framework */; };
		49A63AB51365412700A4F6D1 /* WMCompositionListViewController.m in Sources */ = {isa = PBXBuildFile; fileRef = 49A63AAF1365412700A4F6D1 /* WMCompositionListViewController.m */; };
		49A63AB61365412700A4F6D1 /* WoollyMammothAppDelegate.m in Sources */ = {isa = PBXBuildFile; fileRef = 49A63AB11365412700A4F6D1 /* WoollyMammothAppDelegate.m */; };
		49AC787B13F1BF4200BC6584 /* WMStructuredBuffer.m in Sources */ = {isa = PBXBuildFile; fileRef = 49AC77FE13F1BF4100BC6584 /* WMStructuredBuffer.m */; };
		49AC787C13F1BF4200BC6584 /* WMStructureDefinition.m in Sources */ = {isa = PBXBuildFile; fileRef = 49AC780013F1BF4100BC6584 /* WMStructureDefinition.m */; };
		49AC787E13F1BF4200BC6584 /* WMConnection.m in Sources */ = {isa = PBXBuildFile; fileRef = 49AC780513F1BF4100BC6584 /* WMConnection.m */; };
		49AC787F13F1BF4200BC6584 /* WMEngine.mm in Sources */ = {isa = PBXBuildFile; fileRef = 49AC780713F1BF4100BC6584 /* WMEngine.mm */; };
		49AC788013F1BF4200BC6584 /* WMPatch+GraphAlgorithms.m in Sources */ = {isa = PBXBuildFile; fileRef = 49AC780913F1BF4100BC6584 /* WMPatch+GraphAlgorithms.m */; };
		49AC788113F1BF4200BC6584 /* WMPatch.m in Sources */ = {isa = PBXBuildFile; fileRef = 49AC780B13F1BF4100BC6584 /* WMPatch.m */; };
		49AC788213F1BF4200BC6584 /* WMPatchCategories.m in Sources */ = {isa = PBXBuildFile; fileRef = 49AC780D13F1BF4100BC6584 /* WMPatchCategories.m */; };
		49AC788313F1BF4200BC6584 /* WMAccelerometer.mm in Sources */ = {isa = PBXBuildFile; fileRef = 49AC781113F1BF4100BC6584 /* WMAccelerometer.mm */; };
		49AC788413F1BF4200BC6584 /* WMVideoCapture.m in Sources */ = {isa = PBXBuildFile; fileRef = 49AC781313F1BF4100BC6584 /* WMVideoCapture.m */; };
		49AC788513F1BF4200BC6584 /* WMClear.m in Sources */ = {isa = PBXBuildFile; fileRef = 49AC781613F1BF4100BC6584 /* WMClear.m */; };
		49AC788613F1BF4200BC6584 /* WMParticleSystem.mm in Sources */ = {isa = PBXBuildFile; fileRef = 49AC781813F1BF4100BC6584 /* WMParticleSystem.mm */; };
		49AC788713F1BF4200BC6584 /* WMQuad.mm in Sources */ = {isa = PBXBuildFile; fileRef = 49AC781A13F1BF4100BC6584 /* WMQuad.mm */; };
		49AC788813F1BF4200BC6584 /* WMSphere.mm in Sources */ = {isa = PBXBuildFile; fileRef = 49AC781C13F1BF4100BC6584 /* WMSphere.mm */; };
		49AC788913F1BF4200BC6584 /* WMGaussianBlur.glsl in Resources */ = {isa = PBXBuildFile; fileRef = 49AC781E13F1BF4100BC6584 /* WMGaussianBlur.glsl */; };
		49AC788A13F1BF4200BC6584 /* WMImageFilter.m in Sources */ = {isa = PBXBuildFile; fileRef = 49AC782013F1BF4100BC6584 /* WMImageFilter.m */; };
		49AC788B13F1BF4200BC6584 /* WMImageLoader.m in Sources */ = {isa = PBXBuildFile; fileRef = 49AC782213F1BF4100BC6584 /* WMImageLoader.m */; };
		49AC788C13F1BF4200BC6584 /* WMRenderInImage.mm in Sources */ = {isa = PBXBuildFile; fileRef = 49AC782413F1BF4100BC6584 /* WMRenderInImage.mm */; };
		49AC788D13F1BF4200BC6584 /* WMRenderOutput.m in Sources */ = {isa = PBXBuildFile; fileRef = 49AC782713F1BF4100BC6584 /* WMRenderOutput.m */; };
		49AC788E13F1BF4200BC6584 /* WMSetShader.m in Sources */ = {isa = PBXBuildFile; fileRef = 49AC782913F1BF4100BC6584 /* WMSetShader.m */; };
		49AC788F13F1BF4200BC6584 /* WMColorFromComponents.m in Sources */ = {isa = PBXBuildFile; fileRef = 49AC782C13F1BF4100BC6584 /* WMColorFromComponents.m */; };
		49AC789013F1BF4200BC6584 /* WMLFO.m in Sources */ = {isa = PBXBuildFile; fileRef = 49AC782E13F1BF4100BC6584 /* WMLFO.m */; };
		49AC789113F1BF4200BC6584 /* WMMathOp.m in Sources */ = {isa = PBXBuildFile; fileRef = 49AC783013F1BF4100BC6584 /* WMMathOp.m */; };
		49AC789213F1BF4200BC6584 /* WMSplitter.m in Sources */ = {isa = PBXBuildFile; fileRef = 49AC783213F1BF4100BC6584 /* WMSplitter.m */; };
		49AC789313F1BF4200BC6584 /* WMVectorFromComponents.m in Sources */ = {isa = PBXBuildFile; fileRef = 49AC783413F1BF4100BC6584 /* WMVectorFromComponents.m */; };
		49AC789413F1BF4200BC6584 /* WMBooleanPort.m in Sources */ = {isa = PBXBuildFile; fileRef = 49AC783713F1BF4100BC6584 /* WMBooleanPort.m */; };
		49AC789513F1BF4200BC6584 /* WMColorPort.m in Sources */ = {isa = PBXBuildFile; fileRef = 49AC783913F1BF4100BC6584 /* WMColorPort.m */; };
		49AC789613F1BF4200BC6584 /* WMImagePort.m in Sources */ = {isa = PBXBuildFile; fileRef = 49AC783B13F1BF4100BC6584 /* WMImagePort.m */; };
		49AC789713F1BF4200BC6584 /* WMIndexPort.m in Sources */ = {isa = PBXBuildFile; fileRef = 49AC783D13F1BF4100BC6584 /* WMIndexPort.m */; };
		49AC789813F1BF4200BC6584 /* WMNumberPort.m in Sources */ = {isa = PBXBuildFile; fileRef = 49AC783F13F1BF4100BC6584 /* WMNumberPort.m */; };
		49AC789913F1BF4200BC6584 /* WMPort.m in Sources */ = {isa = PBXBuildFile; fileRef = 49AC784113F1BF4100BC6584 /* WMPort.m */; };
		49AC789A13F1BF4200BC6584 /* WMRenderObjectPort.m in Sources */ = {isa = PBXBuildFile; fileRef = 49AC784413F1BF4100BC6584 /* WMRenderObjectPort.m */; };
		49AC789B13F1BF4200BC6584 /* WMStringPort.m in Sources */ = {isa = PBXBuildFile; fileRef = 49AC784613F1BF4100BC6584 /* WMStringPort.m */; };
		49AC789C13F1BF4200BC6584 /* WMVectorPort.m in Sources */ = {isa = PBXBuildFile; fileRef = 49AC784813F1BF4100BC6584 /* WMVectorPort.m */; };
		49AC789D13F1BF4200BC6584 /* GLDefines.m in Sources */ = {isa = PBXBuildFile; fileRef = 49AC784B13F1BF4100BC6584 /* GLDefines.m */; };
		49AC789E13F1BF4200BC6584 /* WMDefaultShader.fsh in Resources */ = {isa = PBXBuildFile; fileRef = 49AC784C13F1BF4100BC6584 /* WMDefaultShader.fsh */; };
		49AC789F13F1BF4200BC6584 /* WMDefaultShader.vsh in Resources */ = {isa = PBXBuildFile; fileRef = 49AC784D13F1BF4100BC6584 /* WMDefaultShader.vsh */; };
		49AC78A013F1BF4200BC6584 /* WMEAGLContext.m in Sources */ = {isa = PBXBuildFile; fileRef = 49AC784F13F1BF4100BC6584 /* WMEAGLContext.m */; };
		49AC78A113F1BF4200BC6584 /* WMFramebuffer.m in Sources */ = {isa = PBXBuildFile; fileRef = 49AC785113F1BF4100BC6584 /* WMFramebuffer.m */; };
		49AC78A213F1BF4200BC6584 /* WMRenderObject.m in Sources */ = {isa = PBXBuildFile; fileRef = 49AC785513F1BF4100BC6584 /* WMRenderObject.m */; };
		49AC78A313F1BF4200BC6584 /* WMShader.m in Sources */ = {isa = PBXBuildFile; fileRef = 49AC785813F1BF4100BC6584 /* WMShader.m */; };
		49AC78A413F1BF4200BC6584 /* WMTexture2D.m in Sources */ = {isa = PBXBuildFile; fileRef = 49AC785B13F1BF4100BC6584 /* WMTexture2D.m */; };
		49AC78A513F1BF4200BC6584 /* WMTextureCubeMap.m in Sources */ = {isa = PBXBuildFile; fileRef = 49AC785F13F1BF4100BC6584 /* WMTextureCubeMap.m */; };
		49AC78A813F1BF4200BC6584 /* EAGLContext+Extensions.m in Sources */ = {isa = PBXBuildFile; fileRef = 49AC786713F1BF4100BC6584 /* EAGLContext+Extensions.m */; };
		49AC78A913F1BF4200BC6584 /* NSString+URLEncoding.m in Sources */ = {isa = PBXBuildFile; fileRef = 49AC787013F1BF4100BC6584 /* NSString+URLEncoding.m */; };
		49AC78AA13F1BF4200BC6584 /* SimplexNoise.c in Sources */ = {isa = PBXBuildFile; fileRef = 49AC787113F1BF4100BC6584 /* SimplexNoise.c */; };
		49AC78AB13F1BF4200BC6584 /* UIImage+Alpha.m in Sources */ = {isa = PBXBuildFile; fileRef = 49AC787413F1BF4100BC6584 /* UIImage+Alpha.m */; };
		49AC78AC13F1BF4200BC6584 /* UIImage+Resize.m in Sources */ = {isa = PBXBuildFile; fileRef = 49AC787613F1BF4100BC6584 /* UIImage+Resize.m */; };
		49AC78AD13F1BF4200BC6584 /* UIImage+RoundedCorner.m in Sources */ = {isa = PBXBuildFile; fileRef = 49AC787813F1BF4100BC6584 /* UIImage+RoundedCorner.m */; };
		49AC78AE13F1BF4200BC6584 /* WMMathUtil.c in Sources */ = {isa = PBXBuildFile; fileRef = 49AC787913F1BF4100BC6584 /* WMMathUtil.c */; };
		49AC78B013F1BFA500BC6584 /* GLKit.framework in Frameworks */ = {isa = PBXBuildFile; fileRef = 49AC78AF13F1BFA500BC6584 /* GLKit.framework */; };
		49C55283126980610093FAFD /* CoreGraphics.framework in Frameworks */ = {isa = PBXBuildFile; fileRef = 49C55282126980610093FAFD /* CoreGraphics.framework */; };
		49DC0AA512BB893E002BABFB /* Entitlements.plist in Resources */ = {isa = PBXBuildFile; fileRef = 49DC0AA412BB893E002BABFB /* Entitlements.plist */; };
		49E2A3AA134BE4BA006A80DC /* MainWindow.xib in Resources */ = {isa = PBXBuildFile; fileRef = 49E2A3A9134BE4BA006A80DC /* MainWindow.xib */; };
		49FD9D5C129A088D0028524C /* CoreVideo.framework in Frameworks */ = {isa = PBXBuildFile; fileRef = 49FD9D5B129A088D0028524C /* CoreVideo.framework */; };
		49FD9D62129A08970028524C /* AVFoundation.framework in Frameworks */ = {isa = PBXBuildFile; fileRef = 49FD9D61129A08970028524C /* AVFoundation.framework */; };
		49FD9D68129A08A20028524C /* CoreMedia.framework in Frameworks */ = {isa = PBXBuildFile; fileRef = 49FD9D67129A08A20028524C /* CoreMedia.framework */; };
/* End PBXBuildFile section */

/* Begin PBXFileReference section */
		1D30AB110D05D00D00671497 /* Foundation.framework */ = {isa = PBXFileReference; lastKnownFileType = wrapper.framework; name = Foundation.framework; path = System/Library/Frameworks/Foundation.framework; sourceTree = SDKROOT; };
		1D6058910D05DD3D006BFB54 /* WMViewer.app */ = {isa = PBXFileReference; explicitFileType = wrapper.application; includeInIndex = 0; path = WMViewer.app; sourceTree = BUILT_PRODUCTS_DIR; };
		1DF5F4DF0D08C38300B7A737 /* UIKit.framework */ = {isa = PBXFileReference; lastKnownFileType = wrapper.framework; name = UIKit.framework; path = System/Library/Frameworks/UIKit.framework; sourceTree = SDKROOT; };
		28FD15070DC6FC5B0079059D /* QuartzCore.framework */ = {isa = PBXFileReference; lastKnownFileType = wrapper.framework; name = QuartzCore.framework; path = System/Library/Frameworks/QuartzCore.framework; sourceTree = SDKROOT; };
		29B97316FDCFA39411CA2CEA /* main.m */ = {isa = PBXFileReference; fileEncoding = 4; lastKnownFileType = sourcecode.c.objc; path = main.m; sourceTree = "<group>"; };
		32CA4F630368D1EE00C91783 /* WoollyMammoth_Prefix.pch */ = {isa = PBXFileReference; fileEncoding = 4; lastKnownFileType = sourcecode.c.h; path = WoollyMammoth_Prefix.pch; sourceTree = "<group>"; };
		4909255012B6D0540076342D /* MessageUI.framework */ = {isa = PBXFileReference; lastKnownFileType = wrapper.framework; name = MessageUI.framework; path = System/Library/Frameworks/MessageUI.framework; sourceTree = SDKROOT; };
		4909255212B6D0540076342D /* Security.framework */ = {isa = PBXFileReference; lastKnownFileType = wrapper.framework; name = Security.framework; path = System/Library/Frameworks/Security.framework; sourceTree = SDKROOT; };
		4909255412B6D0540076342D /* SystemConfiguration.framework */ = {isa = PBXFileReference; lastKnownFileType = wrapper.framework; name = SystemConfiguration.framework; path = System/Library/Frameworks/SystemConfiguration.framework; sourceTree = SDKROOT; };
		4917AC8D13F9B6CF008AD2CB /* WMCVTexture2D.h */ = {isa = PBXFileReference; fileEncoding = 4; lastKnownFileType = sourcecode.c.h; path = WMCVTexture2D.h; sourceTree = "<group>"; };
		4917AC8E13F9B6CF008AD2CB /* WMCVTexture2D.m */ = {isa = PBXFileReference; fileEncoding = 4; lastKnownFileType = sourcecode.c.objc; path = WMCVTexture2D.m; sourceTree = "<group>"; };
		4917E34B13653F7100AA4D55 /* DNAssertionHandler.h */ = {isa = PBXFileReference; fileEncoding = 4; lastKnownFileType = sourcecode.c.h; path = DNAssertionHandler.h; sourceTree = "<group>"; };
		4917E34C13653F7100AA4D55 /* DNAssertionHandler.m */ = {isa = PBXFileReference; fileEncoding = 4; lastKnownFileType = sourcecode.c.objc; path = DNAssertionHandler.m; sourceTree = "<group>"; };
		4917E34D13653F7100AA4D55 /* EAGLView.h */ = {isa = PBXFileReference; fileEncoding = 4; lastKnownFileType = sourcecode.c.h; path = EAGLView.h; sourceTree = "<group>"; };
		4917E34E13653F7100AA4D55 /* EAGLView.m */ = {isa = PBXFileReference; fileEncoding = 4; lastKnownFileType = sourcecode.c.objc; path = EAGLView.m; sourceTree = "<group>"; };
		4917E34F13653F7100AA4D55 /* WMDebugViewController.h */ = {isa = PBXFileReference; fileEncoding = 4; lastKnownFileType = sourcecode.c.h; path = WMDebugViewController.h; sourceTree = "<group>"; };
		4917E35013653F7100AA4D55 /* WMDebugViewController.m */ = {isa = PBXFileReference; fileEncoding = 4; lastKnownFileType = sourcecode.c.objc; path = WMDebugViewController.m; sourceTree = "<group>"; };
		4917E35113653F7100AA4D55 /* WMDebugViewController.xib */ = {isa = PBXFileReference; fileEncoding = 4; lastKnownFileType = file.xib; path = WMDebugViewController.xib; sourceTree = "<group>"; };
		4917E35213653F7100AA4D55 /* WMViewController.h */ = {isa = PBXFileReference; fileEncoding = 4; lastKnownFileType = sourcecode.c.h; path = WMViewController.h; sourceTree = "<group>"; };
		4917E36013653F7100AA4D55 /* Asset Pipeline.graffle */ = {isa = PBXFileReference; fileEncoding = 4; lastKnownFileType = text.xml; path = "Asset Pipeline.graffle"; sourceTree = "<group>"; };
		4917E36113653F7100AA4D55 /* GL State Management.graffle */ = {isa = PBXFileReference; fileEncoding = 4; lastKnownFileType = text.xml; path = "GL State Management.graffle"; sourceTree = "<group>"; };
		4917E36213653F7100AA4D55 /* Render Architecture.graffle */ = {isa = PBXFileReference; fileEncoding = 4; lastKnownFileType = text.xml; path = "Render Architecture.graffle"; sourceTree = "<group>"; };
		4917E36313653F7100AA4D55 /* Snow Effect.graffle */ = {isa = PBXFileReference; fileEncoding = 4; lastKnownFileType = text.xml; path = "Snow Effect.graffle"; sourceTree = "<group>"; };
		4917E3B713653F7100AA4D55 /* BrowserViewController.h */ = {isa = PBXFileReference; fileEncoding = 4; lastKnownFileType = sourcecode.c.h; path = BrowserViewController.h; sourceTree = "<group>"; };
		4917E3B813653F7100AA4D55 /* BrowserViewController.m */ = {isa = PBXFileReference; fileEncoding = 4; lastKnownFileType = sourcecode.c.objc; path = BrowserViewController.m; sourceTree = "<group>"; };
		4917E45213653F7100AA4D55 /* Random.cpp */ = {isa = PBXFileReference; fileEncoding = 4; lastKnownFileType = sourcecode.cpp.cpp; path = Random.cpp; sourceTree = "<group>"; };
		4917E45313653F7100AA4D55 /* Random.h */ = {isa = PBXFileReference; fileEncoding = 4; lastKnownFileType = sourcecode.c.h; path = Random.h; sourceTree = "<group>"; };
		4917E45613653F7100AA4D55 /* Types.h */ = {isa = PBXFileReference; fileEncoding = 4; lastKnownFileType = sourcecode.c.h; path = Types.h; sourceTree = "<group>"; };
		492483AE1270D4BD00B59759 /* OpenGLES.framework */ = {isa = PBXFileReference; lastKnownFileType = wrapper.framework; name = OpenGLES.framework; path = System/Library/Frameworks/OpenGLES.framework; sourceTree = SDKROOT; };
		4930F3EE12BAE9BE00607497 /* AudioToolbox.framework */ = {isa = PBXFileReference; lastKnownFileType = wrapper.framework; name = AudioToolbox.framework; path = System/Library/Frameworks/AudioToolbox.framework; sourceTree = SDKROOT; };
		4937414313FAF5D100ABC9BA /* WMBundleDocument.h */ = {isa = PBXFileReference; fileEncoding = 4; lastKnownFileType = sourcecode.c.h; path = WMBundleDocument.h; sourceTree = "<group>"; };
		4937414413FAF5D100ABC9BA /* WMBundleDocument.m */ = {isa = PBXFileReference; fileEncoding = 4; lastKnownFileType = sourcecode.c.objc; path = WMBundleDocument.m; sourceTree = "<group>"; };
		4937414513FAF5D100ABC9BA /* WMCompositionSerialization.h */ = {isa = PBXFileReference; fileEncoding = 4; lastKnownFileType = sourcecode.c.h; path = WMCompositionSerialization.h; sourceTree = "<group>"; };
		4937414613FAF5D100ABC9BA /* WMCompositionSerialization.m */ = {isa = PBXFileReference; fileEncoding = 4; lastKnownFileType = sourcecode.c.objc; path = WMCompositionSerialization.m; sourceTree = "<group>"; };
		4937414913FAF5F700ABC9BA /* WMViewController.m */ = {isa = PBXFileReference; fileEncoding = 4; lastKnownFileType = sourcecode.c.objc; path = WMViewController.m; sourceTree = "<group>"; };
		4937415213FAFBF100ABC9BA /* DNDocument.h */ = {isa = PBXFileReference; fileEncoding = 4; lastKnownFileType = sourcecode.c.h; path = DNDocument.h; sourceTree = "<group>"; };
		4937415313FAFBF100ABC9BA /* DNDocument.m */ = {isa = PBXFileReference; fileEncoding = 4; lastKnownFileType = sourcecode.c.objc; path = DNDocument.m; sourceTree = "<group>"; };
		4940D0CF1264F8DF007FA76C /* CoreFoundation.framework */ = {isa = PBXFileReference; lastKnownFileType = wrapper.framework; name = CoreFoundation.framework; path = System/Library/Frameworks/CoreFoundation.framework; sourceTree = SDKROOT; };
		4940D0E41264F943007FA76C /* CFNetwork.framework */ = {isa = PBXFileReference; lastKnownFileType = wrapper.framework; name = CFNetwork.framework; path = System/Library/Frameworks/CFNetwork.framework; sourceTree = SDKROOT; };
		4970555C13679270000110B7 /* iOSVersionDetection.h */ = {isa = PBXFileReference; fileEncoding = 4; lastKnownFileType = sourcecode.c.h; path = iOSVersionDetection.h; sourceTree = "<group>"; };
		4970555D13679270000110B7 /* PGMidi.h */ = {isa = PBXFileReference; fileEncoding = 4; lastKnownFileType = sourcecode.c.h; path = PGMidi.h; sourceTree = "<group>"; };
		4970555E13679270000110B7 /* PGMidi.mm */ = {isa = PBXFileReference; fileEncoding = 4; lastKnownFileType = sourcecode.cpp.objcpp; path = PGMidi.mm; sourceTree = "<group>"; };
		4970555F13679270000110B7 /* PGMidiAllSources.h */ = {isa = PBXFileReference; fileEncoding = 4; lastKnownFileType = sourcecode.c.h; path = PGMidiAllSources.h; sourceTree = "<group>"; };
		4970556013679270000110B7 /* PGMidiAllSources.mm */ = {isa = PBXFileReference; fileEncoding = 4; lastKnownFileType = sourcecode.cpp.objcpp; path = PGMidiAllSources.mm; sourceTree = "<group>"; };
		4970556113679270000110B7 /* PGMidiFind.h */ = {isa = PBXFileReference; fileEncoding = 4; lastKnownFileType = sourcecode.c.h; path = PGMidiFind.h; sourceTree = "<group>"; };
		4970556213679270000110B7 /* PGMidiFind.mm */ = {isa = PBXFileReference; fileEncoding = 4; lastKnownFileType = sourcecode.cpp.objcpp; path = PGMidiFind.mm; sourceTree = "<group>"; };
		4970556613679310000110B7 /* CoreMIDI.framework */ = {isa = PBXFileReference; lastKnownFileType = wrapper.framework; name = CoreMIDI.framework; path = System/Library/Frameworks/CoreMIDI.framework; sourceTree = SDKROOT; };
		498FCDF912AB234C00CF48A3 /* CoreMotion.framework */ = {isa = PBXFileReference; lastKnownFileType = wrapper.framework; name = CoreMotion.framework; path = System/Library/Frameworks/CoreMotion.framework; sourceTree = SDKROOT; };
		49A63AAE1365412700A4F6D1 /* WMCompositionListViewController.h */ = {isa = PBXFileReference; fileEncoding = 4; lastKnownFileType = sourcecode.c.h; path = WMCompositionListViewController.h; sourceTree = "<group>"; };
		49A63AAF1365412700A4F6D1 /* WMCompositionListViewController.m */ = {isa = PBXFileReference; fileEncoding = 4; lastKnownFileType = sourcecode.c.objc; path = WMCompositionListViewController.m; sourceTree = "<group>"; };
		49A63AB01365412700A4F6D1 /* WoollyMammothAppDelegate.h */ = {isa = PBXFileReference; fileEncoding = 4; lastKnownFileType = sourcecode.c.h; path = WoollyMammothAppDelegate.h; sourceTree = "<group>"; };
		49A63AB11365412700A4F6D1 /* WoollyMammothAppDelegate.m */ = {isa = PBXFileReference; fileEncoding = 4; lastKnownFileType = sourcecode.c.objc; path = WoollyMammothAppDelegate.m; sourceTree = "<group>"; };
		49AC77FD13F1BF4100BC6584 /* WMStructuredBuffer.h */ = {isa = PBXFileReference; fileEncoding = 4; lastKnownFileType = sourcecode.c.h; path = WMStructuredBuffer.h; sourceTree = "<group>"; };
		49AC77FE13F1BF4100BC6584 /* WMStructuredBuffer.m */ = {isa = PBXFileReference; fileEncoding = 4; lastKnownFileType = sourcecode.c.objc; path = WMStructuredBuffer.m; sourceTree = "<group>"; };
		49AC77FF13F1BF4100BC6584 /* WMStructureDefinition.h */ = {isa = PBXFileReference; fileEncoding = 4; lastKnownFileType = sourcecode.c.h; path = WMStructureDefinition.h; sourceTree = "<group>"; };
		49AC780013F1BF4100BC6584 /* WMStructureDefinition.m */ = {isa = PBXFileReference; fileEncoding = 4; lastKnownFileType = sourcecode.c.objc; path = WMStructureDefinition.m; sourceTree = "<group>"; };
		49AC780413F1BF4100BC6584 /* WMConnection.h */ = {isa = PBXFileReference; fileEncoding = 4; lastKnownFileType = sourcecode.c.h; path = WMConnection.h; sourceTree = "<group>"; };
		49AC780513F1BF4100BC6584 /* WMConnection.m */ = {isa = PBXFileReference; fileEncoding = 4; lastKnownFileType = sourcecode.c.objc; path = WMConnection.m; sourceTree = "<group>"; };
		49AC780613F1BF4100BC6584 /* WMEngine.h */ = {isa = PBXFileReference; fileEncoding = 4; lastKnownFileType = sourcecode.c.h; path = WMEngine.h; sourceTree = "<group>"; };
		49AC780713F1BF4100BC6584 /* WMEngine.mm */ = {isa = PBXFileReference; fileEncoding = 4; lastKnownFileType = sourcecode.cpp.objcpp; path = WMEngine.mm; sourceTree = "<group>"; };
		49AC780813F1BF4100BC6584 /* WMPatch+GraphAlgorithms.h */ = {isa = PBXFileReference; fileEncoding = 4; lastKnownFileType = sourcecode.c.h; path = "WMPatch+GraphAlgorithms.h"; sourceTree = "<group>"; };
		49AC780913F1BF4100BC6584 /* WMPatch+GraphAlgorithms.m */ = {isa = PBXFileReference; fileEncoding = 4; lastKnownFileType = sourcecode.c.objc; path = "WMPatch+GraphAlgorithms.m"; sourceTree = "<group>"; };
		49AC780A13F1BF4100BC6584 /* WMPatch.h */ = {isa = PBXFileReference; fileEncoding = 4; lastKnownFileType = sourcecode.c.h; path = WMPatch.h; sourceTree = "<group>"; };
		49AC780B13F1BF4100BC6584 /* WMPatch.m */ = {isa = PBXFileReference; fileEncoding = 4; lastKnownFileType = sourcecode.c.objc; path = WMPatch.m; sourceTree = "<group>"; };
		49AC780C13F1BF4100BC6584 /* WMPatchCategories.h */ = {isa = PBXFileReference; fileEncoding = 4; lastKnownFileType = sourcecode.c.h; path = WMPatchCategories.h; sourceTree = "<group>"; };
		49AC780D13F1BF4100BC6584 /* WMPatchCategories.m */ = {isa = PBXFileReference; fileEncoding = 4; lastKnownFileType = sourcecode.c.objc; path = WMPatchCategories.m; sourceTree = "<group>"; };
		49AC781013F1BF4100BC6584 /* WMAccelerometer.h */ = {isa = PBXFileReference; fileEncoding = 4; lastKnownFileType = sourcecode.c.h; path = WMAccelerometer.h; sourceTree = "<group>"; };
		49AC781113F1BF4100BC6584 /* WMAccelerometer.mm */ = {isa = PBXFileReference; fileEncoding = 4; lastKnownFileType = sourcecode.cpp.objcpp; path = WMAccelerometer.mm; sourceTree = "<group>"; };
		49AC781213F1BF4100BC6584 /* WMVideoCapture.h */ = {isa = PBXFileReference; fileEncoding = 4; lastKnownFileType = sourcecode.c.h; path = WMVideoCapture.h; sourceTree = "<group>"; };
		49AC781313F1BF4100BC6584 /* WMVideoCapture.m */ = {isa = PBXFileReference; fileEncoding = 4; lastKnownFileType = sourcecode.c.objc; path = WMVideoCapture.m; sourceTree = "<group>"; };
		49AC781513F1BF4100BC6584 /* WMClear.h */ = {isa = PBXFileReference; fileEncoding = 4; lastKnownFileType = sourcecode.c.h; path = WMClear.h; sourceTree = "<group>"; };
		49AC781613F1BF4100BC6584 /* WMClear.m */ = {isa = PBXFileReference; fileEncoding = 4; lastKnownFileType = sourcecode.c.objc; path = WMClear.m; sourceTree = "<group>"; };
		49AC781713F1BF4100BC6584 /* WMParticleSystem.h */ = {isa = PBXFileReference; fileEncoding = 4; lastKnownFileType = sourcecode.c.h; path = WMParticleSystem.h; sourceTree = "<group>"; };
		49AC781813F1BF4100BC6584 /* WMParticleSystem.mm */ = {isa = PBXFileReference; fileEncoding = 4; lastKnownFileType = sourcecode.cpp.objcpp; path = WMParticleSystem.mm; sourceTree = "<group>"; };
		49AC781913F1BF4100BC6584 /* WMQuad.h */ = {isa = PBXFileReference; fileEncoding = 4; lastKnownFileType = sourcecode.c.h; path = WMQuad.h; sourceTree = "<group>"; };
		49AC781A13F1BF4100BC6584 /* WMQuad.mm */ = {isa = PBXFileReference; fileEncoding = 4; lastKnownFileType = sourcecode.cpp.objcpp; path = WMQuad.mm; sourceTree = "<group>"; };
		49AC781B13F1BF4100BC6584 /* WMSphere.h */ = {isa = PBXFileReference; fileEncoding = 4; lastKnownFileType = sourcecode.c.h; path = WMSphere.h; sourceTree = "<group>"; };
		49AC781C13F1BF4100BC6584 /* WMSphere.mm */ = {isa = PBXFileReference; fileEncoding = 4; lastKnownFileType = sourcecode.cpp.objcpp; path = WMSphere.mm; sourceTree = "<group>"; };
		49AC781E13F1BF4100BC6584 /* WMGaussianBlur.glsl */ = {isa = PBXFileReference; fileEncoding = 4; lastKnownFileType = text; path = WMGaussianBlur.glsl; sourceTree = "<group>"; };
		49AC781F13F1BF4100BC6584 /* WMImageFilter.h */ = {isa = PBXFileReference; fileEncoding = 4; lastKnownFileType = sourcecode.c.h; path = WMImageFilter.h; sourceTree = "<group>"; };
		49AC782013F1BF4100BC6584 /* WMImageFilter.m */ = {isa = PBXFileReference; fileEncoding = 4; lastKnownFileType = sourcecode.c.objc; path = WMImageFilter.m; sourceTree = "<group>"; };
		49AC782113F1BF4100BC6584 /* WMImageLoader.h */ = {isa = PBXFileReference; fileEncoding = 4; lastKnownFileType = sourcecode.c.h; path = WMImageLoader.h; sourceTree = "<group>"; };
		49AC782213F1BF4100BC6584 /* WMImageLoader.m */ = {isa = PBXFileReference; fileEncoding = 4; lastKnownFileType = sourcecode.c.objc; path = WMImageLoader.m; sourceTree = "<group>"; };
		49AC782313F1BF4100BC6584 /* WMRenderInImage.h */ = {isa = PBXFileReference; fileEncoding = 4; lastKnownFileType = sourcecode.c.h; path = WMRenderInImage.h; sourceTree = "<group>"; };
		49AC782413F1BF4100BC6584 /* WMRenderInImage.mm */ = {isa = PBXFileReference; fileEncoding = 4; lastKnownFileType = sourcecode.cpp.objcpp; path = WMRenderInImage.mm; sourceTree = "<group>"; };
		49AC782613F1BF4100BC6584 /* WMRenderOutput.h */ = {isa = PBXFileReference; fileEncoding = 4; lastKnownFileType = sourcecode.c.h; path = WMRenderOutput.h; sourceTree = "<group>"; };
		49AC782713F1BF4100BC6584 /* WMRenderOutput.m */ = {isa = PBXFileReference; fileEncoding = 4; lastKnownFileType = sourcecode.c.objc; path = WMRenderOutput.m; sourceTree = "<group>"; };
		49AC782813F1BF4100BC6584 /* WMSetShader.h */ = {isa = PBXFileReference; fileEncoding = 4; lastKnownFileType = sourcecode.c.h; path = WMSetShader.h; sourceTree = "<group>"; };
		49AC782913F1BF4100BC6584 /* WMSetShader.m */ = {isa = PBXFileReference; fileEncoding = 4; lastKnownFileType = sourcecode.c.objc; path = WMSetShader.m; sourceTree = "<group>"; };
		49AC782B13F1BF4100BC6584 /* WMColorFromComponents.h */ = {isa = PBXFileReference; fileEncoding = 4; lastKnownFileType = sourcecode.c.h; path = WMColorFromComponents.h; sourceTree = "<group>"; };
		49AC782C13F1BF4100BC6584 /* WMColorFromComponents.m */ = {isa = PBXFileReference; fileEncoding = 4; lastKnownFileType = sourcecode.c.objc; path = WMColorFromComponents.m; sourceTree = "<group>"; };
		49AC782D13F1BF4100BC6584 /* WMLFO.h */ = {isa = PBXFileReference; fileEncoding = 4; lastKnownFileType = sourcecode.c.h; path = WMLFO.h; sourceTree = "<group>"; };
		49AC782E13F1BF4100BC6584 /* WMLFO.m */ = {isa = PBXFileReference; fileEncoding = 4; lastKnownFileType = sourcecode.c.objc; path = WMLFO.m; sourceTree = "<group>"; };
		49AC782F13F1BF4100BC6584 /* WMMathOp.h */ = {isa = PBXFileReference; fileEncoding = 4; lastKnownFileType = sourcecode.c.h; path = WMMathOp.h; sourceTree = "<group>"; };
		49AC783013F1BF4100BC6584 /* WMMathOp.m */ = {isa = PBXFileReference; fileEncoding = 4; lastKnownFileType = sourcecode.c.objc; path = WMMathOp.m; sourceTree = "<group>"; };
		49AC783113F1BF4100BC6584 /* WMSplitter.h */ = {isa = PBXFileReference; fileEncoding = 4; lastKnownFileType = sourcecode.c.h; path = WMSplitter.h; sourceTree = "<group>"; };
		49AC783213F1BF4100BC6584 /* WMSplitter.m */ = {isa = PBXFileReference; fileEncoding = 4; lastKnownFileType = sourcecode.c.objc; path = WMSplitter.m; sourceTree = "<group>"; };
		49AC783313F1BF4100BC6584 /* WMVectorFromComponents.h */ = {isa = PBXFileReference; fileEncoding = 4; lastKnownFileType = sourcecode.c.h; path = WMVectorFromComponents.h; sourceTree = "<group>"; };
		49AC783413F1BF4100BC6584 /* WMVectorFromComponents.m */ = {isa = PBXFileReference; fileEncoding = 4; lastKnownFileType = sourcecode.c.objc; path = WMVectorFromComponents.m; sourceTree = "<group>"; };
		49AC783613F1BF4100BC6584 /* WMBooleanPort.h */ = {isa = PBXFileReference; fileEncoding = 4; lastKnownFileType = sourcecode.c.h; path = WMBooleanPort.h; sourceTree = "<group>"; };
		49AC783713F1BF4100BC6584 /* WMBooleanPort.m */ = {isa = PBXFileReference; fileEncoding = 4; lastKnownFileType = sourcecode.c.objc; path = WMBooleanPort.m; sourceTree = "<group>"; };
		49AC783813F1BF4100BC6584 /* WMColorPort.h */ = {isa = PBXFileReference; fileEncoding = 4; lastKnownFileType = sourcecode.c.h; path = WMColorPort.h; sourceTree = "<group>"; };
		49AC783913F1BF4100BC6584 /* WMColorPort.m */ = {isa = PBXFileReference; fileEncoding = 4; lastKnownFileType = sourcecode.c.objc; path = WMColorPort.m; sourceTree = "<group>"; };
		49AC783A13F1BF4100BC6584 /* WMImagePort.h */ = {isa = PBXFileReference; fileEncoding = 4; lastKnownFileType = sourcecode.c.h; path = WMImagePort.h; sourceTree = "<group>"; };
		49AC783B13F1BF4100BC6584 /* WMImagePort.m */ = {isa = PBXFileReference; fileEncoding = 4; lastKnownFileType = sourcecode.c.objc; path = WMImagePort.m; sourceTree = "<group>"; };
		49AC783C13F1BF4100BC6584 /* WMIndexPort.h */ = {isa = PBXFileReference; fileEncoding = 4; lastKnownFileType = sourcecode.c.h; path = WMIndexPort.h; sourceTree = "<group>"; };
		49AC783D13F1BF4100BC6584 /* WMIndexPort.m */ = {isa = PBXFileReference; fileEncoding = 4; lastKnownFileType = sourcecode.c.objc; path = WMIndexPort.m; sourceTree = "<group>"; };
		49AC783E13F1BF4100BC6584 /* WMNumberPort.h */ = {isa = PBXFileReference; fileEncoding = 4; lastKnownFileType = sourcecode.c.h; path = WMNumberPort.h; sourceTree = "<group>"; };
		49AC783F13F1BF4100BC6584 /* WMNumberPort.m */ = {isa = PBXFileReference; fileEncoding = 4; lastKnownFileType = sourcecode.c.objc; path = WMNumberPort.m; sourceTree = "<group>"; };
		49AC784013F1BF4100BC6584 /* WMPort.h */ = {isa = PBXFileReference; fileEncoding = 4; lastKnownFileType = sourcecode.c.h; path = WMPort.h; sourceTree = "<group>"; };
		49AC784113F1BF4100BC6584 /* WMPort.m */ = {isa = PBXFileReference; fileEncoding = 4; lastKnownFileType = sourcecode.c.objc; path = WMPort.m; sourceTree = "<group>"; };
		49AC784213F1BF4100BC6584 /* WMPorts.h */ = {isa = PBXFileReference; fileEncoding = 4; lastKnownFileType = sourcecode.c.h; path = WMPorts.h; sourceTree = "<group>"; };
		49AC784313F1BF4100BC6584 /* WMRenderObjectPort.h */ = {isa = PBXFileReference; fileEncoding = 4; lastKnownFileType = sourcecode.c.h; path = WMRenderObjectPort.h; sourceTree = "<group>"; };
		49AC784413F1BF4100BC6584 /* WMRenderObjectPort.m */ = {isa = PBXFileReference; fileEncoding = 4; lastKnownFileType = sourcecode.c.objc; path = WMRenderObjectPort.m; sourceTree = "<group>"; };
		49AC784513F1BF4100BC6584 /* WMStringPort.h */ = {isa = PBXFileReference; fileEncoding = 4; lastKnownFileType = sourcecode.c.h; path = WMStringPort.h; sourceTree = "<group>"; };
		49AC784613F1BF4100BC6584 /* WMStringPort.m */ = {isa = PBXFileReference; fileEncoding = 4; lastKnownFileType = sourcecode.c.objc; path = WMStringPort.m; sourceTree = "<group>"; };
		49AC784713F1BF4100BC6584 /* WMVectorPort.h */ = {isa = PBXFileReference; fileEncoding = 4; lastKnownFileType = sourcecode.c.h; path = WMVectorPort.h; sourceTree = "<group>"; };
		49AC784813F1BF4100BC6584 /* WMVectorPort.m */ = {isa = PBXFileReference; fileEncoding = 4; lastKnownFileType = sourcecode.c.objc; path = WMVectorPort.m; sourceTree = "<group>"; };
		49AC784A13F1BF4100BC6584 /* GLDefines.h */ = {isa = PBXFileReference; fileEncoding = 4; lastKnownFileType = sourcecode.c.h; path = GLDefines.h; sourceTree = "<group>"; };
		49AC784B13F1BF4100BC6584 /* GLDefines.m */ = {isa = PBXFileReference; fileEncoding = 4; lastKnownFileType = sourcecode.c.objc; path = GLDefines.m; sourceTree = "<group>"; };
		49AC784C13F1BF4100BC6584 /* WMDefaultShader.fsh */ = {isa = PBXFileReference; fileEncoding = 4; lastKnownFileType = sourcecode.glsl; path = WMDefaultShader.fsh; sourceTree = "<group>"; };
		49AC784D13F1BF4100BC6584 /* WMDefaultShader.vsh */ = {isa = PBXFileReference; fileEncoding = 4; lastKnownFileType = sourcecode.glsl; path = WMDefaultShader.vsh; sourceTree = "<group>"; };
		49AC784E13F1BF4100BC6584 /* WMEAGLContext.h */ = {isa = PBXFileReference; fileEncoding = 4; lastKnownFileType = sourcecode.c.h; path = WMEAGLContext.h; sourceTree = "<group>"; };
		49AC784F13F1BF4100BC6584 /* WMEAGLContext.m */ = {isa = PBXFileReference; fileEncoding = 4; lastKnownFileType = sourcecode.c.objc; path = WMEAGLContext.m; sourceTree = "<group>"; };
		49AC785013F1BF4100BC6584 /* WMFramebuffer.h */ = {isa = PBXFileReference; fileEncoding = 4; lastKnownFileType = sourcecode.c.h; path = WMFramebuffer.h; sourceTree = "<group>"; };
		49AC785113F1BF4100BC6584 /* WMFramebuffer.m */ = {isa = PBXFileReference; fileEncoding = 4; lastKnownFileType = sourcecode.c.objc; path = WMFramebuffer.m; sourceTree = "<group>"; };
		49AC785313F1BF4100BC6584 /* WMRenderCommon.h */ = {isa = PBXFileReference; fileEncoding = 4; lastKnownFileType = sourcecode.c.h; path = WMRenderCommon.h; sourceTree = "<group>"; };
		49AC785413F1BF4100BC6584 /* WMRenderObject.h */ = {isa = PBXFileReference; fileEncoding = 4; lastKnownFileType = sourcecode.c.h; path = WMRenderObject.h; sourceTree = "<group>"; };
		49AC785513F1BF4100BC6584 /* WMRenderObject.m */ = {isa = PBXFileReference; fileEncoding = 4; lastKnownFileType = sourcecode.c.objc; path = WMRenderObject.m; sourceTree = "<group>"; };
		49AC785613F1BF4100BC6584 /* WMRenderObject_WMEAGLContext_Private.h */ = {isa = PBXFileReference; fileEncoding = 4; lastKnownFileType = sourcecode.c.h; path = WMRenderObject_WMEAGLContext_Private.h; sourceTree = "<group>"; };
		49AC785713F1BF4100BC6584 /* WMShader.h */ = {isa = PBXFileReference; fileEncoding = 4; lastKnownFileType = sourcecode.c.h; path = WMShader.h; sourceTree = "<group>"; };
		49AC785813F1BF4100BC6584 /* WMShader.m */ = {isa = PBXFileReference; fileEncoding = 4; lastKnownFileType = sourcecode.c.objc; path = WMShader.m; sourceTree = "<group>"; };
		49AC785913F1BF4100BC6584 /* WMStructuredBuffer_WMEAGLContext_Private.h */ = {isa = PBXFileReference; fileEncoding = 4; lastKnownFileType = sourcecode.c.h; path = WMStructuredBuffer_WMEAGLContext_Private.h; sourceTree = "<group>"; };
		49AC785A13F1BF4100BC6584 /* WMTexture2D.h */ = {isa = PBXFileReference; fileEncoding = 4; lastKnownFileType = sourcecode.c.h; path = WMTexture2D.h; sourceTree = "<group>"; };
		49AC785B13F1BF4100BC6584 /* WMTexture2D.m */ = {isa = PBXFileReference; fileEncoding = 4; lastKnownFileType = sourcecode.c.objc; path = WMTexture2D.m; sourceTree = "<group>"; };
		49AC785C13F1BF4100BC6584 /* WMTexture2D_RenderPrivate.h */ = {isa = PBXFileReference; fileEncoding = 4; lastKnownFileType = sourcecode.c.h; path = WMTexture2D_RenderPrivate.h; sourceTree = "<group>"; };
		49AC785D13F1BF4100BC6584 /* WMTexture2D_WMEAGLContext_Private.h */ = {isa = PBXFileReference; fileEncoding = 4; lastKnownFileType = sourcecode.c.h; path = WMTexture2D_WMEAGLContext_Private.h; sourceTree = "<group>"; };
		49AC785E13F1BF4100BC6584 /* WMTextureCubeMap.h */ = {isa = PBXFileReference; fileEncoding = 4; lastKnownFileType = sourcecode.c.h; path = WMTextureCubeMap.h; sourceTree = "<group>"; };
		49AC785F13F1BF4100BC6584 /* WMTextureCubeMap.m */ = {isa = PBXFileReference; fileEncoding = 4; lastKnownFileType = sourcecode.c.objc; path = WMTextureCubeMap.m; sourceTree = "<group>"; };
		49AC786613F1BF4100BC6584 /* EAGLContext+Extensions.h */ = {isa = PBXFileReference; fileEncoding = 4; lastKnownFileType = sourcecode.c.h; path = "EAGLContext+Extensions.h"; sourceTree = "<group>"; };
		49AC786713F1BF4100BC6584 /* EAGLContext+Extensions.m */ = {isa = PBXFileReference; fileEncoding = 4; lastKnownFileType = sourcecode.c.objc; path = "EAGLContext+Extensions.m"; sourceTree = "<group>"; };
		49AC786813F1BF4100BC6584 /* GLKMath_cpp.h */ = {isa = PBXFileReference; fileEncoding = 4; lastKnownFileType = sourcecode.c.h; path = GLKMath_cpp.h; sourceTree = "<group>"; };
		49AC786913F1BF4100BC6584 /* GLKMatrix3_cpp.h */ = {isa = PBXFileReference; fileEncoding = 4; lastKnownFileType = sourcecode.c.h; path = GLKMatrix3_cpp.h; sourceTree = "<group>"; };
		49AC786A13F1BF4100BC6584 /* GLKMatrix4_cpp.h */ = {isa = PBXFileReference; fileEncoding = 4; lastKnownFileType = sourcecode.c.h; path = GLKMatrix4_cpp.h; sourceTree = "<group>"; };
		49AC786B13F1BF4100BC6584 /* GLKQuaternion_cpp.h */ = {isa = PBXFileReference; fileEncoding = 4; lastKnownFileType = sourcecode.c.h; path = GLKQuaternion_cpp.h; sourceTree = "<group>"; };
		49AC786C13F1BF4100BC6584 /* GLKVector2_cpp.h */ = {isa = PBXFileReference; fileEncoding = 4; lastKnownFileType = sourcecode.c.h; path = GLKVector2_cpp.h; sourceTree = "<group>"; };
		49AC786D13F1BF4100BC6584 /* GLKVector3_cpp.h */ = {isa = PBXFileReference; fileEncoding = 4; lastKnownFileType = sourcecode.c.h; path = GLKVector3_cpp.h; sourceTree = "<group>"; };
		49AC786E13F1BF4100BC6584 /* GLKVector4_cpp.h */ = {isa = PBXFileReference; fileEncoding = 4; lastKnownFileType = sourcecode.c.h; path = GLKVector4_cpp.h; sourceTree = "<group>"; };
		49AC786F13F1BF4100BC6584 /* NSString+URLEncoding.h */ = {isa = PBXFileReference; fileEncoding = 4; lastKnownFileType = sourcecode.c.h; path = "NSString+URLEncoding.h"; sourceTree = "<group>"; };
		49AC787013F1BF4100BC6584 /* NSString+URLEncoding.m */ = {isa = PBXFileReference; fileEncoding = 4; lastKnownFileType = sourcecode.c.objc; path = "NSString+URLEncoding.m"; sourceTree = "<group>"; };
		49AC787113F1BF4100BC6584 /* SimplexNoise.c */ = {isa = PBXFileReference; fileEncoding = 4; lastKnownFileType = sourcecode.c.c; path = SimplexNoise.c; sourceTree = "<group>"; };
		49AC787213F1BF4100BC6584 /* SimplexNoise.h */ = {isa = PBXFileReference; fileEncoding = 4; lastKnownFileType = sourcecode.c.h; path = SimplexNoise.h; sourceTree = "<group>"; };
		49AC787313F1BF4100BC6584 /* UIImage+Alpha.h */ = {isa = PBXFileReference; fileEncoding = 4; lastKnownFileType = sourcecode.c.h; path = "UIImage+Alpha.h"; sourceTree = "<group>"; };
		49AC787413F1BF4100BC6584 /* UIImage+Alpha.m */ = {isa = PBXFileReference; fileEncoding = 4; lastKnownFileType = sourcecode.c.objc; path = "UIImage+Alpha.m"; sourceTree = "<group>"; };
		49AC787513F1BF4100BC6584 /* UIImage+Resize.h */ = {isa = PBXFileReference; fileEncoding = 4; lastKnownFileType = sourcecode.c.h; path = "UIImage+Resize.h"; sourceTree = "<group>"; };
		49AC787613F1BF4100BC6584 /* UIImage+Resize.m */ = {isa = PBXFileReference; fileEncoding = 4; lastKnownFileType = sourcecode.c.objc; path = "UIImage+Resize.m"; sourceTree = "<group>"; };
		49AC787713F1BF4100BC6584 /* UIImage+RoundedCorner.h */ = {isa = PBXFileReference; fileEncoding = 4; lastKnownFileType = sourcecode.c.h; path = "UIImage+RoundedCorner.h"; sourceTree = "<group>"; };
		49AC787813F1BF4100BC6584 /* UIImage+RoundedCorner.m */ = {isa = PBXFileReference; fileEncoding = 4; lastKnownFileType = sourcecode.c.objc; path = "UIImage+RoundedCorner.m"; sourceTree = "<group>"; };
		49AC787913F1BF4100BC6584 /* WMMathUtil.c */ = {isa = PBXFileReference; fileEncoding = 4; lastKnownFileType = sourcecode.c.c; path = WMMathUtil.c; sourceTree = "<group>"; };
		49AC787A13F1BF4100BC6584 /* WMMathUtil.h */ = {isa = PBXFileReference; fileEncoding = 4; lastKnownFileType = sourcecode.c.h; path = WMMathUtil.h; sourceTree = "<group>"; };
		49AC78AF13F1BFA500BC6584 /* GLKit.framework */ = {isa = PBXFileReference; lastKnownFileType = wrapper.framework; name = GLKit.framework; path = System/Library/Frameworks/GLKit.framework; sourceTree = SDKROOT; };
		49C55282126980610093FAFD /* CoreGraphics.framework */ = {isa = PBXFileReference; lastKnownFileType = wrapper.framework; name = CoreGraphics.framework; path = System/Library/Frameworks/CoreGraphics.framework; sourceTree = SDKROOT; };
		49DC0AA412BB893E002BABFB /* Entitlements.plist */ = {isa = PBXFileReference; fileEncoding = 4; lastKnownFileType = text.plist.xml; path = Entitlements.plist; sourceTree = "<group>"; };
		49E2A3A9134BE4BA006A80DC /* MainWindow.xib */ = {isa = PBXFileReference; fileEncoding = 4; lastKnownFileType = file.xib; path = MainWindow.xib; sourceTree = "<group>"; };
		49FD9D5B129A088D0028524C /* CoreVideo.framework */ = {isa = PBXFileReference; lastKnownFileType = wrapper.framework; name = CoreVideo.framework; path = System/Library/Frameworks/CoreVideo.framework; sourceTree = SDKROOT; };
		49FD9D61129A08970028524C /* AVFoundation.framework */ = {isa = PBXFileReference; lastKnownFileType = wrapper.framework; name = AVFoundation.framework; path = System/Library/Frameworks/AVFoundation.framework; sourceTree = SDKROOT; };
		49FD9D67129A08A20028524C /* CoreMedia.framework */ = {isa = PBXFileReference; lastKnownFileType = wrapper.framework; name = CoreMedia.framework; path = System/Library/Frameworks/CoreMedia.framework; sourceTree = SDKROOT; };
/* End PBXFileReference section */

/* Begin PBXFrameworksBuildPhase section */
		1D60588F0D05DD3D006BFB54 /* Frameworks */ = {
			isa = PBXFrameworksBuildPhase;
			buildActionMask = 2147483647;
			files = (
				49AC78B013F1BFA500BC6584 /* GLKit.framework in Frameworks */,
				4970556713679310000110B7 /* CoreMIDI.framework in Frameworks */,
				1D60589F0D05DD5A006BFB54 /* Foundation.framework in Frameworks */,
				1DF5F4E00D08C38300B7A737 /* UIKit.framework in Frameworks */,
				28FD15080DC6FC5B0079059D /* QuartzCore.framework in Frameworks */,
				4940D0D01264F8DF007FA76C /* CoreFoundation.framework in Frameworks */,
				4940D0E51264F943007FA76C /* CFNetwork.framework in Frameworks */,
				49C55283126980610093FAFD /* CoreGraphics.framework in Frameworks */,
				492483AF1270D4BD00B59759 /* OpenGLES.framework in Frameworks */,
				49FD9D5C129A088D0028524C /* CoreVideo.framework in Frameworks */,
				49FD9D62129A08970028524C /* AVFoundation.framework in Frameworks */,
				49FD9D68129A08A20028524C /* CoreMedia.framework in Frameworks */,
				498FCDFA12AB234C00CF48A3 /* CoreMotion.framework in Frameworks */,
				4909255112B6D0540076342D /* MessageUI.framework in Frameworks */,
				4909255312B6D0540076342D /* Security.framework in Frameworks */,
				4909255512B6D0540076342D /* SystemConfiguration.framework in Frameworks */,
				4930F3EF12BAE9BE00607497 /* AudioToolbox.framework in Frameworks */,
			);
			runOnlyForDeploymentPostprocessing = 0;
		};
/* End PBXFrameworksBuildPhase section */

/* Begin PBXGroup section */
		19C28FACFE9D520D11CA2CBB /* Products */ = {
			isa = PBXGroup;
			children = (
				1D6058910D05DD3D006BFB54 /* WMViewer.app */,
			);
			name = Products;
			sourceTree = "<group>";
		};
		29B97314FDCFA39411CA2CEA /* CustomTemplate */ = {
			isa = PBXGroup;
			children = (
				49A63AA71365412700A4F6D1 /* WMViewer */,
				4917E34A13653F7100AA4D55 /* Application */,
				4917E35413653F7100AA4D55 /* Bundles */,
				49AC77FB13F1BF4100BC6584 /* Engine */,
				4917E35F13653F7100AA4D55 /* Documentation */,
				4917E3B513653F7100AA4D55 /* Externals */,
				29B97315FDCFA39411CA2CEA /* Other Sources */,
				49E81DD912712FE400127D48 /* Resources */,
				29B97323FDCFA39411CA2CEA /* Frameworks */,
				19C28FACFE9D520D11CA2CBB /* Products */,
			);
			name = CustomTemplate;
			sourceTree = "<group>";
		};
		29B97315FDCFA39411CA2CEA /* Other Sources */ = {
			isa = PBXGroup;
			children = (
				49DC0AA412BB893E002BABFB /* Entitlements.plist */,
				32CA4F630368D1EE00C91783 /* WoollyMammoth_Prefix.pch */,
				29B97316FDCFA39411CA2CEA /* main.m */,
			);
			name = "Other Sources";
			sourceTree = "<group>";
		};
		29B97323FDCFA39411CA2CEA /* Frameworks */ = {
			isa = PBXGroup;
			children = (
				49AC78AF13F1BFA500BC6584 /* GLKit.framework */,
				4970556613679310000110B7 /* CoreMIDI.framework */,
				4940D0E41264F943007FA76C /* CFNetwork.framework */,
				28FD15070DC6FC5B0079059D /* QuartzCore.framework */,
				1DF5F4DF0D08C38300B7A737 /* UIKit.framework */,
				1D30AB110D05D00D00671497 /* Foundation.framework */,
				4940D0CF1264F8DF007FA76C /* CoreFoundation.framework */,
				49C55282126980610093FAFD /* CoreGraphics.framework */,
				492483AE1270D4BD00B59759 /* OpenGLES.framework */,
				49FD9D5B129A088D0028524C /* CoreVideo.framework */,
				49FD9D61129A08970028524C /* AVFoundation.framework */,
				49FD9D67129A08A20028524C /* CoreMedia.framework */,
				498FCDF912AB234C00CF48A3 /* CoreMotion.framework */,
				4909255012B6D0540076342D /* MessageUI.framework */,
				4909255212B6D0540076342D /* Security.framework */,
				4909255412B6D0540076342D /* SystemConfiguration.framework */,
				4930F3EE12BAE9BE00607497 /* AudioToolbox.framework */,
			);
			name = Frameworks;
			sourceTree = "<group>";
		};
		4917E34A13653F7100AA4D55 /* Application */ = {
			isa = PBXGroup;
			children = (
				4917E34B13653F7100AA4D55 /* DNAssertionHandler.h */,
				4917E34C13653F7100AA4D55 /* DNAssertionHandler.m */,
				4917E34D13653F7100AA4D55 /* EAGLView.h */,
				4917E34E13653F7100AA4D55 /* EAGLView.m */,
				4917E34F13653F7100AA4D55 /* WMDebugViewController.h */,
				4917E35013653F7100AA4D55 /* WMDebugViewController.m */,
				4917E35113653F7100AA4D55 /* WMDebugViewController.xib */,
				4917E35213653F7100AA4D55 /* WMViewController.h */,
				4937414913FAF5F700ABC9BA /* WMViewController.m */,
			);
			name = Application;
			path = ../Application;
			sourceTree = "<group>";
		};
		4917E35413653F7100AA4D55 /* Bundles */ = {
			isa = PBXGroup;
			children = (
			);
			name = Bundles;
			path = ../Bundles;
			sourceTree = "<group>";
		};
		4917E35F13653F7100AA4D55 /* Documentation */ = {
			isa = PBXGroup;
			children = (
				4917E36013653F7100AA4D55 /* Asset Pipeline.graffle */,
				4917E36113653F7100AA4D55 /* GL State Management.graffle */,
				4917E36213653F7100AA4D55 /* Render Architecture.graffle */,
				4917E36313653F7100AA4D55 /* Snow Effect.graffle */,
			);
			name = Documentation;
			path = ../Documentation;
			sourceTree = "<group>";
		};
		4917E3B513653F7100AA4D55 /* Externals */ = {
			isa = PBXGroup;
			children = (
				4970555B13679270000110B7 /* MIDI */,
				4917E3B613653F7100AA4D55 /* Apple */,
				4917E44913653F7100AA4D55 /* Math */,
			);
			name = Externals;
			path = ../Externals;
			sourceTree = "<group>";
		};
		4917E3B613653F7100AA4D55 /* Apple */ = {
			isa = PBXGroup;
			children = (
				4917E3B713653F7100AA4D55 /* BrowserViewController.h */,
				4917E3B813653F7100AA4D55 /* BrowserViewController.m */,
			);
			path = Apple;
			sourceTree = "<group>";
		};
		4917E44913653F7100AA4D55 /* Math */ = {
			isa = PBXGroup;
			children = (
				4917E45213653F7100AA4D55 /* Random.cpp */,
				4917E45313653F7100AA4D55 /* Random.h */,
				4917E45613653F7100AA4D55 /* Types.h */,
			);
			path = Math;
			sourceTree = "<group>";
		};
		4937414213FAF5D100ABC9BA /* Bundle */ = {
			isa = PBXGroup;
			children = (
				4937414313FAF5D100ABC9BA /* WMBundleDocument.h */,
				4937414413FAF5D100ABC9BA /* WMBundleDocument.m */,
				4937414513FAF5D100ABC9BA /* WMCompositionSerialization.h */,
				4937414613FAF5D100ABC9BA /* WMCompositionSerialization.m */,
			);
			path = Bundle;
			sourceTree = "<group>";
		};
		4970555B13679270000110B7 /* MIDI */ = {
			isa = PBXGroup;
			children = (
				4970555C13679270000110B7 /* iOSVersionDetection.h */,
				4970555D13679270000110B7 /* PGMidi.h */,
				4970555E13679270000110B7 /* PGMidi.mm */,
				4970555F13679270000110B7 /* PGMidiAllSources.h */,
				4970556013679270000110B7 /* PGMidiAllSources.mm */,
				4970556113679270000110B7 /* PGMidiFind.h */,
				4970556213679270000110B7 /* PGMidiFind.mm */,
			);
			name = MIDI;
			path = midimonitor/Sources/MIDI;
			sourceTree = "<group>";
		};
		49A63AA71365412700A4F6D1 /* WMViewer */ = {
			isa = PBXGroup;
			children = (
				49A63AB01365412700A4F6D1 /* WoollyMammothAppDelegate.h */,
				49A63AB11365412700A4F6D1 /* WoollyMammothAppDelegate.m */,
				49A63AAE1365412700A4F6D1 /* WMCompositionListViewController.h */,
				49A63AAF1365412700A4F6D1 /* WMCompositionListViewController.m */,
			);
			path = WMViewer;
			sourceTree = "<group>";
		};
		49AC77FB13F1BF4100BC6584 /* Engine */ = {
			isa = PBXGroup;
			children = (
				4937414213FAF5D100ABC9BA /* Bundle */,
				49AC77FC13F1BF4100BC6584 /* Buffer */,
				49AC780113F1BF4100BC6584 /* Core */,
				49AC780E13F1BF4100BC6584 /* Patches */,
				49AC783513F1BF4100BC6584 /* Ports */,
				49AC784913F1BF4100BC6584 /* Render */,
				49AC786513F1BF4100BC6584 /* Util */,
			);
			name = Engine;
			path = ../Engine;
			sourceTree = "<group>";
		};
		49AC77FC13F1BF4100BC6584 /* Buffer */ = {
			isa = PBXGroup;
			children = (
				49AC77FD13F1BF4100BC6584 /* WMStructuredBuffer.h */,
				49AC77FE13F1BF4100BC6584 /* WMStructuredBuffer.m */,
				49AC77FF13F1BF4100BC6584 /* WMStructureDefinition.h */,
				49AC780013F1BF4100BC6584 /* WMStructureDefinition.m */,
			);
			path = Buffer;
			sourceTree = "<group>";
		};
		49AC780113F1BF4100BC6584 /* Core */ = {
			isa = PBXGroup;
			children = (
				49AC780413F1BF4100BC6584 /* WMConnection.h */,
				49AC780513F1BF4100BC6584 /* WMConnection.m */,
				49AC780613F1BF4100BC6584 /* WMEngine.h */,
				49AC780713F1BF4100BC6584 /* WMEngine.mm */,
				49AC780813F1BF4100BC6584 /* WMPatch+GraphAlgorithms.h */,
				49AC780913F1BF4100BC6584 /* WMPatch+GraphAlgorithms.m */,
				49AC780A13F1BF4100BC6584 /* WMPatch.h */,
				49AC780B13F1BF4100BC6584 /* WMPatch.m */,
				49AC780C13F1BF4100BC6584 /* WMPatchCategories.h */,
				49AC780D13F1BF4100BC6584 /* WMPatchCategories.m */,
			);
			path = Core;
			sourceTree = "<group>";
		};
		49AC780E13F1BF4100BC6584 /* Patches */ = {
			isa = PBXGroup;
			children = (
				49AC780F13F1BF4100BC6584 /* Device */,
				49AC781413F1BF4100BC6584 /* Geometry */,
				49AC781D13F1BF4100BC6584 /* Image */,
				49AC782513F1BF4100BC6584 /* Render Object */,
				49AC782A13F1BF4100BC6584 /* Util */,
			);
			path = Patches;
			sourceTree = "<group>";
		};
		49AC780F13F1BF4100BC6584 /* Device */ = {
			isa = PBXGroup;
			children = (
				4917AC8D13F9B6CF008AD2CB /* WMCVTexture2D.h */,
				4917AC8E13F9B6CF008AD2CB /* WMCVTexture2D.m */,
				49AC781013F1BF4100BC6584 /* WMAccelerometer.h */,
				49AC781113F1BF4100BC6584 /* WMAccelerometer.mm */,
				49AC781213F1BF4100BC6584 /* WMVideoCapture.h */,
				49AC781313F1BF4100BC6584 /* WMVideoCapture.m */,
			);
			path = Device;
			sourceTree = "<group>";
		};
		49AC781413F1BF4100BC6584 /* Geometry */ = {
			isa = PBXGroup;
			children = (
				49AC781513F1BF4100BC6584 /* WMClear.h */,
				49AC781613F1BF4100BC6584 /* WMClear.m */,
				49AC781713F1BF4100BC6584 /* WMParticleSystem.h */,
				49AC781813F1BF4100BC6584 /* WMParticleSystem.mm */,
				49AC781913F1BF4100BC6584 /* WMQuad.h */,
				49AC781A13F1BF4100BC6584 /* WMQuad.mm */,
				49AC781B13F1BF4100BC6584 /* WMSphere.h */,
				49AC781C13F1BF4100BC6584 /* WMSphere.mm */,
			);
			path = Geometry;
			sourceTree = "<group>";
		};
		49AC781D13F1BF4100BC6584 /* Image */ = {
			isa = PBXGroup;
			children = (
				49AC781E13F1BF4100BC6584 /* WMGaussianBlur.glsl */,
				49AC781F13F1BF4100BC6584 /* WMImageFilter.h */,
				49AC782013F1BF4100BC6584 /* WMImageFilter.m */,
				49AC782113F1BF4100BC6584 /* WMImageLoader.h */,
				49AC782213F1BF4100BC6584 /* WMImageLoader.m */,
				49AC782313F1BF4100BC6584 /* WMRenderInImage.h */,
				49AC782413F1BF4100BC6584 /* WMRenderInImage.mm */,
			);
			path = Image;
			sourceTree = "<group>";
		};
		49AC782513F1BF4100BC6584 /* Render Object */ = {
			isa = PBXGroup;
			children = (
				49AC782613F1BF4100BC6584 /* WMRenderOutput.h */,
				49AC782713F1BF4100BC6584 /* WMRenderOutput.m */,
				49AC782813F1BF4100BC6584 /* WMSetShader.h */,
				49AC782913F1BF4100BC6584 /* WMSetShader.m */,
			);
			path = "Render Object";
			sourceTree = "<group>";
		};
		49AC782A13F1BF4100BC6584 /* Util */ = {
			isa = PBXGroup;
			children = (
				49AC782B13F1BF4100BC6584 /* WMColorFromComponents.h */,
				49AC782C13F1BF4100BC6584 /* WMColorFromComponents.m */,
				49AC782D13F1BF4100BC6584 /* WMLFO.h */,
				49AC782E13F1BF4100BC6584 /* WMLFO.m */,
				49AC782F13F1BF4100BC6584 /* WMMathOp.h */,
				49AC783013F1BF4100BC6584 /* WMMathOp.m */,
				49AC783113F1BF4100BC6584 /* WMSplitter.h */,
				49AC783213F1BF4100BC6584 /* WMSplitter.m */,
				49AC783313F1BF4100BC6584 /* WMVectorFromComponents.h */,
				49AC783413F1BF4100BC6584 /* WMVectorFromComponents.m */,
			);
			path = Util;
			sourceTree = "<group>";
		};
		49AC783513F1BF4100BC6584 /* Ports */ = {
			isa = PBXGroup;
			children = (
				49AC783613F1BF4100BC6584 /* WMBooleanPort.h */,
				49AC783713F1BF4100BC6584 /* WMBooleanPort.m */,
				49AC783813F1BF4100BC6584 /* WMColorPort.h */,
				49AC783913F1BF4100BC6584 /* WMColorPort.m */,
				49AC783A13F1BF4100BC6584 /* WMImagePort.h */,
				49AC783B13F1BF4100BC6584 /* WMImagePort.m */,
				49AC783C13F1BF4100BC6584 /* WMIndexPort.h */,
				49AC783D13F1BF4100BC6584 /* WMIndexPort.m */,
				49AC783E13F1BF4100BC6584 /* WMNumberPort.h */,
				49AC783F13F1BF4100BC6584 /* WMNumberPort.m */,
				49AC784013F1BF4100BC6584 /* WMPort.h */,
				49AC784113F1BF4100BC6584 /* WMPort.m */,
				49AC784213F1BF4100BC6584 /* WMPorts.h */,
				49AC784313F1BF4100BC6584 /* WMRenderObjectPort.h */,
				49AC784413F1BF4100BC6584 /* WMRenderObjectPort.m */,
				49AC784513F1BF4100BC6584 /* WMStringPort.h */,
				49AC784613F1BF4100BC6584 /* WMStringPort.m */,
				49AC784713F1BF4100BC6584 /* WMVectorPort.h */,
				49AC784813F1BF4100BC6584 /* WMVectorPort.m */,
			);
			path = Ports;
			sourceTree = "<group>";
		};
		49AC784913F1BF4100BC6584 /* Render */ = {
			isa = PBXGroup;
			children = (
				49AC784A13F1BF4100BC6584 /* GLDefines.h */,
				49AC784B13F1BF4100BC6584 /* GLDefines.m */,
				49AC784C13F1BF4100BC6584 /* WMDefaultShader.fsh */,
				49AC784D13F1BF4100BC6584 /* WMDefaultShader.vsh */,
				49AC784E13F1BF4100BC6584 /* WMEAGLContext.h */,
				49AC784F13F1BF4100BC6584 /* WMEAGLContext.m */,
				49AC785013F1BF4100BC6584 /* WMFramebuffer.h */,
				49AC785113F1BF4100BC6584 /* WMFramebuffer.m */,
				49AC785313F1BF4100BC6584 /* WMRenderCommon.h */,
				49AC785413F1BF4100BC6584 /* WMRenderObject.h */,
				49AC785513F1BF4100BC6584 /* WMRenderObject.m */,
				49AC785613F1BF4100BC6584 /* WMRenderObject_WMEAGLContext_Private.h */,
				49AC785713F1BF4100BC6584 /* WMShader.h */,
				49AC785813F1BF4100BC6584 /* WMShader.m */,
				49AC785913F1BF4100BC6584 /* WMStructuredBuffer_WMEAGLContext_Private.h */,
				49AC785A13F1BF4100BC6584 /* WMTexture2D.h */,
				49AC785B13F1BF4100BC6584 /* WMTexture2D.m */,
				49AC785C13F1BF4100BC6584 /* WMTexture2D_RenderPrivate.h */,
				49AC785D13F1BF4100BC6584 /* WMTexture2D_WMEAGLContext_Private.h */,
				49AC785E13F1BF4100BC6584 /* WMTextureCubeMap.h */,
				49AC785F13F1BF4100BC6584 /* WMTextureCubeMap.m */,
			);
			path = Render;
			sourceTree = "<group>";
		};
		49AC786513F1BF4100BC6584 /* Util */ = {
			isa = PBXGroup;
			children = (
				49AC786613F1BF4100BC6584 /* EAGLContext+Extensions.h */,
				49AC786713F1BF4100BC6584 /* EAGLContext+Extensions.m */,
				49AC786813F1BF4100BC6584 /* GLKMath_cpp.h */,
				49AC786913F1BF4100BC6584 /* GLKMatrix3_cpp.h */,
				49AC786A13F1BF4100BC6584 /* GLKMatrix4_cpp.h */,
				49AC786B13F1BF4100BC6584 /* GLKQuaternion_cpp.h */,
				49AC786C13F1BF4100BC6584 /* GLKVector2_cpp.h */,
				49AC786D13F1BF4100BC6584 /* GLKVector3_cpp.h */,
				49AC786E13F1BF4100BC6584 /* GLKVector4_cpp.h */,
				49AC786F13F1BF4100BC6584 /* NSString+URLEncoding.h */,
				49AC787013F1BF4100BC6584 /* NSString+URLEncoding.m */,
				49AC787113F1BF4100BC6584 /* SimplexNoise.c */,
				49AC787213F1BF4100BC6584 /* SimplexNoise.h */,
				49AC787313F1BF4100BC6584 /* UIImage+Alpha.h */,
				49AC787413F1BF4100BC6584 /* UIImage+Alpha.m */,
				49AC787513F1BF4100BC6584 /* UIImage+Resize.h */,
				49AC787613F1BF4100BC6584 /* UIImage+Resize.m */,
				49AC787713F1BF4100BC6584 /* UIImage+RoundedCorner.h */,
				49AC787813F1BF4100BC6584 /* UIImage+RoundedCorner.m */,
				49AC787913F1BF4100BC6584 /* WMMathUtil.c */,
				49AC787A13F1BF4100BC6584 /* WMMathUtil.h */,
				4937415213FAFBF100ABC9BA /* DNDocument.h */,
				4937415313FAFBF100ABC9BA /* DNDocument.m */,
			);
			path = Util;
			sourceTree = "<group>";
		};
		49E81DD912712FE400127D48 /* Resources */ = {
			isa = PBXGroup;
			children = (
				49E2A3A9134BE4BA006A80DC /* MainWindow.xib */,
			);
			path = Resources;
			sourceTree = "<group>";
		};
/* End PBXGroup section */

/* Begin PBXNativeTarget section */
		1D6058900D05DD3D006BFB54 /* WMViewer */ = {
			isa = PBXNativeTarget;
			buildConfigurationList = 1D6058960D05DD3E006BFB54 /* Build configuration list for PBXNativeTarget "WMViewer" */;
			buildPhases = (
				1D60588D0D05DD3D006BFB54 /* Resources */,
				1D60588E0D05DD3D006BFB54 /* Sources */,
				1D60588F0D05DD3D006BFB54 /* Frameworks */,
			);
			buildRules = (
			);
			dependencies = (
			);
			name = WMViewer;
			productName = WoollyMammoth;
			productReference = 1D6058910D05DD3D006BFB54 /* WMViewer.app */;
			productType = "com.apple.product-type.application";
		};
/* End PBXNativeTarget section */

/* Begin PBXProject section */
		29B97313FDCFA39411CA2CEA /* Project object */ = {
			isa = PBXProject;
			buildConfigurationList = C01FCF4E08A954540054247B /* Build configuration list for PBXProject "WMViewer" */;
			compatibilityVersion = "Xcode 3.1";
			developmentRegion = English;
			hasScannedForEncodings = 1;
			knownRegions = (
				English,
				Japanese,
				French,
				German,
				de,
				en,
			);
			mainGroup = 29B97314FDCFA39411CA2CEA /* CustomTemplate */;
			projectDirPath = "";
			projectRoot = "";
			targets = (
				1D6058900D05DD3D006BFB54 /* WMViewer */,
			);
		};
/* End PBXProject section */

/* Begin PBXResourcesBuildPhase section */
		1D60588D0D05DD3D006BFB54 /* Resources */ = {
			isa = PBXResourcesBuildPhase;
			buildActionMask = 2147483647;
			files = (
				49DC0AA512BB893E002BABFB /* Entitlements.plist in Resources */,
				49E2A3AA134BE4BA006A80DC /* MainWindow.xib in Resources */,
				49AC789E13F1BF4200BC6584 /* WMDefaultShader.fsh in Resources */,
				49AC789F13F1BF4200BC6584 /* WMDefaultShader.vsh in Resources */,
				4917E4D713653F7100AA4D55 /* WMDebugViewController.xib in Resources */,
				49AC788913F1BF4200BC6584 /* WMGaussianBlur.glsl in Resources */,
			);
			runOnlyForDeploymentPostprocessing = 0;
		};
/* End PBXResourcesBuildPhase section */

/* Begin PBXSourcesBuildPhase section */
		1D60588E0D05DD3D006BFB54 /* Sources */ = {
			isa = PBXSourcesBuildPhase;
			buildActionMask = 2147483647;
			files = (
				1D60589B0D05DD56006BFB54 /* main.m in Sources */,
				4917E4D413653F7100AA4D55 /* DNAssertionHandler.m in Sources */,
				4917E4D513653F7100AA4D55 /* EAGLView.m in Sources */,
				4917E4D613653F7100AA4D55 /* WMDebugViewController.m in Sources */,
				4917E50A13653F7100AA4D55 /* BrowserViewController.m in Sources */,
				4917E56C13653F7100AA4D55 /* Random.cpp in Sources */,
				49A63AB51365412700A4F6D1 /* WMCompositionListViewController.m in Sources */,
				49A63AB61365412700A4F6D1 /* WoollyMammothAppDelegate.m in Sources */,
				4970556313679270000110B7 /* PGMidi.mm in Sources */,
				4970556413679270000110B7 /* PGMidiAllSources.mm in Sources */,
				4970556513679270000110B7 /* PGMidiFind.mm in Sources */,
				49AC787B13F1BF4200BC6584 /* WMStructuredBuffer.m in Sources */,
				49AC787C13F1BF4200BC6584 /* WMStructureDefinition.m in Sources */,
				49AC787E13F1BF4200BC6584 /* WMConnection.m in Sources */,
				49AC787F13F1BF4200BC6584 /* WMEngine.mm in Sources */,
				49AC788013F1BF4200BC6584 /* WMPatch+GraphAlgorithms.m in Sources */,
				49AC788113F1BF4200BC6584 /* WMPatch.m in Sources */,
				49AC788213F1BF4200BC6584 /* WMPatchCategories.m in Sources */,
				49AC788313F1BF4200BC6584 /* WMAccelerometer.mm in Sources */,
				49AC788413F1BF4200BC6584 /* WMVideoCapture.m in Sources */,
				49AC788513F1BF4200BC6584 /* WMClear.m in Sources */,
				49AC788613F1BF4200BC6584 /* WMParticleSystem.mm in Sources */,
				49AC788713F1BF4200BC6584 /* WMQuad.mm in Sources */,
				49AC788813F1BF4200BC6584 /* WMSphere.mm in Sources */,
				49AC788A13F1BF4200BC6584 /* WMImageFilter.m in Sources */,
				49AC788B13F1BF4200BC6584 /* WMImageLoader.m in Sources */,
				49AC788C13F1BF4200BC6584 /* WMRenderInImage.mm in Sources */,
				49AC788D13F1BF4200BC6584 /* WMRenderOutput.m in Sources */,
				49AC788E13F1BF4200BC6584 /* WMSetShader.m in Sources */,
				49AC788F13F1BF4200BC6584 /* WMColorFromComponents.m in Sources */,
				49AC789013F1BF4200BC6584 /* WMLFO.m in Sources */,
				49AC789113F1BF4200BC6584 /* WMMathOp.m in Sources */,
				49AC789213F1BF4200BC6584 /* WMSplitter.m in Sources */,
				49AC789313F1BF4200BC6584 /* WMVectorFromComponents.m in Sources */,
				49AC789413F1BF4200BC6584 /* WMBooleanPort.m in Sources */,
				49AC789513F1BF4200BC6584 /* WMColorPort.m in Sources */,
				49AC789613F1BF4200BC6584 /* WMImagePort.m in Sources */,
				49AC789713F1BF4200BC6584 /* WMIndexPort.m in Sources */,
				49AC789813F1BF4200BC6584 /* WMNumberPort.m in Sources */,
				49AC789913F1BF4200BC6584 /* WMPort.m in Sources */,
				49AC789A13F1BF4200BC6584 /* WMRenderObjectPort.m in Sources */,
				49AC789B13F1BF4200BC6584 /* WMStringPort.m in Sources */,
				49AC789C13F1BF4200BC6584 /* WMVectorPort.m in Sources */,
				49AC789D13F1BF4200BC6584 /* GLDefines.m in Sources */,
				49AC78A013F1BF4200BC6584 /* WMEAGLContext.m in Sources */,
				49AC78A113F1BF4200BC6584 /* WMFramebuffer.m in Sources */,
				49AC78A213F1BF4200BC6584 /* WMRenderObject.m in Sources */,
				49AC78A313F1BF4200BC6584 /* WMShader.m in Sources */,
				49AC78A413F1BF4200BC6584 /* WMTexture2D.m in Sources */,
				49AC78A513F1BF4200BC6584 /* WMTextureCubeMap.m in Sources */,
				49AC78A813F1BF4200BC6584 /* EAGLContext+Extensions.m in Sources */,
				49AC78A913F1BF4200BC6584 /* NSString+URLEncoding.m in Sources */,
				49AC78AA13F1BF4200BC6584 /* SimplexNoise.c in Sources */,
				49AC78AB13F1BF4200BC6584 /* UIImage+Alpha.m in Sources */,
				49AC78AC13F1BF4200BC6584 /* UIImage+Resize.m in Sources */,
				49AC78AD13F1BF4200BC6584 /* UIImage+RoundedCorner.m in Sources */,
				49AC78AE13F1BF4200BC6584 /* WMMathUtil.c in Sources */,
				4917AC8F13F9B6CF008AD2CB /* WMCVTexture2D.m in Sources */,
				4937414713FAF5D100ABC9BA /* WMBundleDocument.m in Sources */,
				4937414813FAF5D100ABC9BA /* WMCompositionSerialization.m in Sources */,
				4937414A13FAF5F700ABC9BA /* WMViewController.m in Sources */,
				4937415413FAFBF100ABC9BA /* DNDocument.m in Sources */,
			);
			runOnlyForDeploymentPostprocessing = 0;
		};
/* End PBXSourcesBuildPhase section */

/* Begin XCBuildConfiguration section */
		1D6058940D05DD3E006BFB54 /* Debug */ = {
			isa = XCBuildConfiguration;
			buildSettings = {
				COPY_PHASE_STRIP = NO;
				GCC_DYNAMIC_NO_PIC = NO;
				GCC_OPTIMIZATION_LEVEL = 0;
				GCC_PRECOMPILE_PREFIX_HEADER = YES;
				GCC_PREFIX_HEADER = WoollyMammoth_Prefix.pch;
				GCC_THUMB_SUPPORT = NO;
				"GCC_THUMB_SUPPORT[arch=armv6]" = NO;
				INFOPLIST_FILE = "Resources/SnowGlobe-Info.plist";
				OTHER_CPLUSPLUSFLAGS = (
					"-Wno-format-security",
					"-Wno-write-strings",
					"$(OTHER_CFLAGS)",
				);
				PRODUCT_NAME = WMViewer;
				TARGETED_DEVICE_FAMILY = "1,2";
			};
			name = Debug;
		};
		1D6058950D05DD3E006BFB54 /* Release */ = {
			isa = XCBuildConfiguration;
			buildSettings = {
				COPY_PHASE_STRIP = YES;
				GCC_PRECOMPILE_PREFIX_HEADER = YES;
				GCC_PREFIX_HEADER = WoollyMammoth_Prefix.pch;
				GCC_THUMB_SUPPORT = NO;
				"GCC_THUMB_SUPPORT[arch=armv6]" = NO;
				INFOPLIST_FILE = "Resources/SnowGlobe-Info.plist";
				OTHER_CPLUSPLUSFLAGS = (
					"-Wno-format-security",
					"-Wno-write-strings",
					"$(OTHER_CFLAGS)",
				);
				PRODUCT_NAME = WMViewer;
				TARGETED_DEVICE_FAMILY = "1,2";
				VALIDATE_PRODUCT = YES;
			};
			name = Release;
		};
		C01FCF4F08A954540054247B /* Debug */ = {
			isa = XCBuildConfiguration;
			buildSettings = {
				ARCHS = "$(ARCHS_STANDARD_32_BIT)";
				"CODE_SIGN_IDENTITY[sdk=iphoneos*]" = "iPhone Developer";
				GCC_PREPROCESSOR_DEFINITIONS = DEBUG;
				GCC_VERSION = com.apple.compilers.llvm.clang.1_0;
				GCC_WARN_ABOUT_RETURN_TYPE = YES;
				GCC_WARN_UNUSED_VARIABLE = YES;
				PREBINDING = NO;
				"PROVISIONING_PROFILE[sdk=iphoneos*]" = "";
				SDKROOT = iphoneos;
			};
			name = Debug;
		};
		C01FCF5008A954540054247B /* Release */ = {
			isa = XCBuildConfiguration;
			buildSettings = {
				ARCHS = "$(ARCHS_STANDARD_32_BIT)";
				"CODE_SIGN_IDENTITY[sdk=iphoneos*]" = "iPhone Developer";
				GCC_VERSION = com.apple.compilers.llvm.clang.1_0;
				GCC_WARN_ABOUT_RETURN_TYPE = YES;
				GCC_WARN_UNUSED_VARIABLE = YES;
				OTHER_CFLAGS = "-DNS_BLOCK_ASSERTIONS=1";
				PREBINDING = NO;
				"PROVISIONING_PROFILE[sdk=iphoneos*]" = "";
				SDKROOT = iphoneos;
			};
			name = Release;
		};
/* End XCBuildConfiguration section */

/* Begin XCConfigurationList section */
		1D6058960D05DD3E006BFB54 /* Build configuration list for PBXNativeTarget "WMViewer" */ = {
			isa = XCConfigurationList;
			buildConfigurations = (
				1D6058940D05DD3E006BFB54 /* Debug */,
				1D6058950D05DD3E006BFB54 /* Release */,
			);
			defaultConfigurationIsVisible = 0;
			defaultConfigurationName = Release;
		};
		C01FCF4E08A954540054247B /* Build configuration list for PBXProject "WMViewer" */ = {
			isa = XCConfigurationList;
			buildConfigurations = (
				C01FCF4F08A954540054247B /* Debug */,
				C01FCF5008A954540054247B /* Release */,
			);
			defaultConfigurationIsVisible = 0;
			defaultConfigurationName = Release;
		};
/* End XCConfigurationList section */
	};
	rootObject = 29B97313FDCFA39411CA2CEA /* Project object */;
}
